{
  "nodes": {
    "c4m-jtag": {
      "flake": false,
      "locked": {
        "lastModified": 1619101523,
        "narHash": "sha256-y1OY8URcE1lnu5L7IDFcJ8zT8sqlrfMP9VPNmVvACGk=",
        "ref": "master",
        "rev": "c2bf4810f9f91ced7fcda777b92b86ab353da288",
        "revCount": 146,
        "type": "git",
        "url": "https://git.libre-soc.org/git/c4m-jtag.git"
      },
      "original": {
        "type": "git",
        "url": "https://git.libre-soc.org/git/c4m-jtag.git"
      }
    },
    "flake-utils": {
      "inputs": {
        "systems": [
          "systems"
        ]
      },
      "locked": {
        "lastModified": 1694529238,
        "narHash": "sha256-zsNZZGTGnMOf9YpHKJqMSsa0dXbfmxeoJ7xHlrt+xmY=",
        "owner": "numtide",
        "repo": "flake-utils",
        "rev": "ff7b65b44d01cf9ba6a71320833626af21126384",
        "type": "github"
      },
      "original": {
        "owner": "numtide",
        "repo": "flake-utils",
        "type": "github"
      }
    },
    "libre-soc": {
      "inputs": {
        "c4m-jtag": "c4m-jtag",
        "migen": "migen",
        "nix-litex": "nix-litex",
        "nixpkgs": "nixpkgs",
        "nmigen": "nmigen",
        "nmigen-soc": "nmigen-soc",
        "yosys": "yosys"
      },
      "locked": {
        "lastModified": 1699193920,
        "narHash": "sha256-yJshQYf8V0CB2vPCmWLlnxXMhi/sPXiLKzOn6cqgmxw=",
        "ref": "refs/heads/master",
        "rev": "2a66fe18cd77dd5533c65930d1b241cf6faac455",
        "revCount": 5784,
        "type": "git",
        "url": "https://git.libre-soc.org/git/soc.git"
      },
      "original": {
        "type": "git",
        "url": "https://git.libre-soc.org/git/soc.git"
      }
    },
    "migen": {
      "flake": false,
      "locked": {
        "lastModified": 1631614362,
        "narHash": "sha256-BgYf4e7O/rbS5P1ZpDlcgCEUh2h2vK3FyHADdzyaMg0=",
        "owner": "m-labs",
        "repo": "migen",
        "rev": "7bc4eb1387b39159a74c1dbd1b820728e0bfbbaa",
        "type": "github"
      },
      "original": {
        "owner": "m-labs",
        "repo": "migen",
        "type": "github"
      }
    },
    "nix-litex": {
      "flake": false,
      "locked": {
        "lastModified": 1632150297,
        "narHash": "sha256-ghlAJBZxLVkQB+9tXEOBOF1FfdT5Pn4292khF4iKCNA=",
        "ref": "main",
        "rev": "5ab6984eb1efad0c91d808c9b7b79e00e50ccc05",
        "revCount": 31,
        "type": "git",
        "url": "https://git.sr.ht/~lschuermann/nix-litex"
      },
      "original": {
        "ref": "main",
        "type": "git",
        "url": "https://git.sr.ht/~lschuermann/nix-litex"
      }
    },
    "nixpkgs": {
      "locked": {
        "lastModified": 1631723418,
        "narHash": "sha256-Sbey1S81fXUKcEHVCMwlXMju/IoCQxMwP1PPkVYpGrc=",
        "owner": "L-as",
        "repo": "nixpkgs",
        "rev": "8bfc1026477692b933df6eeec27bd494cac3e436",
        "type": "github"
      },
      "original": {
        "owner": "L-as",
        "ref": "libresoc",
        "repo": "nixpkgs",
        "type": "github"
      }
    },
    "nixpkgs-stable": {
      "locked": {
        "lastModified": 1698544399,
        "narHash": "sha256-vhRmPyEyoPkrXF2iykBsWHA05MIaOSmMRLMF7Hul6+s=",
        "owner": "NixOS",
        "repo": "nixpkgs",
        "rev": "d87c5d8c41c9b3b39592563242f3a448b5cc4bc9",
        "type": "github"
      },
      "original": {
        "owner": "NixOS",
        "ref": "release-23.05",
        "repo": "nixpkgs",
        "type": "github"
      }
    },
    "nixpkgs_2": {
      "locked": {
        "lastModified": 1699034771,
        "narHash": "sha256-S0iAvl1oETS6cVFP7aVNodY9eMnbaTtuypi0XiGXiLg=",
        "owner": "NixOS",
        "repo": "nixpkgs",
        "rev": "27ead4fec31f241baed776d046b1dcac431a5919",
        "type": "github"
      },
      "original": {
        "owner": "NixOS",
        "ref": "nixpkgs-unstable",
        "repo": "nixpkgs",
        "type": "github"
      }
    },
    "nmigen": {
      "flake": false,
      "locked": {
        "lastModified": 1618220900,
        "narHash": "sha256-Ol2SMZLUTikZWDLmK7F5lZuKBfGO71WmisATPNMTpHQ=",
        "ref": "master",
        "rev": "d824795c2c7cb43dcbc8ed8fac6d309d77284913",
        "revCount": 1056,
        "type": "git",
        "url": "https://git.libre-soc.org/git/nmigen.git"
      },
      "original": {
        "type": "git",
        "url": "https://git.libre-soc.org/git/nmigen.git"
      }
    },
    "nmigen-soc": {
      "flake": false,
      "locked": {
        "lastModified": 1601572554,
        "narHash": "sha256-v9SH+KuIPydXCr363RUsMg9/tabuu+GjKPJOKq2Jze0=",
        "ref": "master",
        "rev": "692017c7eaf21ff37302790c4422db6bd08667be",
        "revCount": 48,
        "type": "git",
        "url": "https://git.libre-soc.org/git/nmigen-soc.git"
      },
      "original": {
        "type": "git",
        "url": "https://git.libre-soc.org/git/nmigen-soc.git"
      }
    },
    "root": {
      "inputs": {
        "flake-utils": "flake-utils",
        "libre-soc": "libre-soc",
        "nixpkgs": "nixpkgs_2",
        "sops-nix": "sops-nix",
        "systems": "systems",
        "treefmt-nix": "treefmt-nix"
      }
    },
    "sops-nix": {
      "inputs": {
        "nixpkgs": [
          "nixpkgs"
        ],
        "nixpkgs-stable": "nixpkgs-stable"
      },
      "locked": {
        "lastModified": 1699021419,
        "narHash": "sha256-oy2j2OHXYcckifASMeZzpmbDLSvobMGt0V/RvoDotF4=",
        "owner": "Mic92",
        "repo": "sops-nix",
        "rev": "275b28593ef3a1b9d05b6eeda3ddce2f45f5c06f",
        "type": "github"
      },
      "original": {
        "owner": "Mic92",
        "repo": "sops-nix",
        "type": "github"
      }
    },
    "systems": {
      "locked": {
        "lastModified": 1680978846,
        "narHash": "sha256-Gtqg8b/v49BFDpDetjclCYXm8mAnTrUzR0JnE2nv5aw=",
        "owner": "nix-systems",
        "repo": "x86_64-linux",
        "rev": "2ecfcac5e15790ba6ce360ceccddb15ad16d08a8",
        "type": "github"
      },
      "original": {
        "owner": "nix-systems",
        "repo": "x86_64-linux",
        "type": "github"
      }
    },
    "treefmt-nix": {
      "inputs": {
        "nixpkgs": [
          "nixpkgs"
        ]
      },
      "locked": {
        "lastModified": 1698438538,
        "narHash": "sha256-AWxaKTDL3MtxaVTVU5lYBvSnlspOS0Fjt8GxBgnU0Do=",
        "owner": "numtide",
        "repo": "treefmt-nix",
        "rev": "5deb8dc125a9f83b65ca86cf0c8167c46593e0b1",
        "type": "github"
      },
      "original": {
        "owner": "numtide",
        "repo": "treefmt-nix",
        "type": "github"
      }
    },
    "yosys": {
      "flake": false,
      "locked": {
        "lastModified": 1617979565,
        "narHash": "sha256-M8ppe+lL/pgd2sXh7bM6/sbk1099KKECeWA5mXtqE6Y=",
        "owner": "YosysHQ",
        "repo": "yosys",
        "rev": "a58571d0fe8971cb7d3a619a31b2c21be6d75bac",
        "type": "github"
      },
      "original": {
        "owner": "YosysHQ",
        "repo": "yosys",
        "rev": "a58571d0fe8971cb7d3a619a31b2c21be6d75bac",
        "type": "github"
      }
    }
  },
  "root": "root",
  "version": 7
}
